
Microsoft Visual Studio Solution File, Format Version 12.00
# Visual Studio Version 16
VisualStudioVersion = 16.0.30114.105
MinimumVisualStudioVersion = 10.0.40219.1
Project("{FAE04EC0-301F-11D3-BF4B-00C04F79EFBC}") = "01. train", "fund arrays exe\01. train.csproj", "{54ACBD5E-BCD9-4EB9-AD17-DA5C9251B82F}"
EndProject
Project("{FAE04EC0-301F-11D3-BF4B-00C04F79EFBC}") = "02. common elements", "02. common elements\02. common elements.csproj", "{3B987AA9-DD43-48AC-9E9A-76A997AED82F}"
EndProject
Project("{FAE04EC0-301F-11D3-BF4B-00C04F79EFBC}") = "03.zigzag arrays", "03.zigzag arrays\03.zigzag arrays.csproj", "{0231CF5A-CA4A-49D6-819C-31E1325C6858}"
EndProject
Project("{FAE04EC0-301F-11D3-BF4B-00C04F79EFBC}") = "04. array rotation", "04. array rotation\04. array rotation.csproj", "{FD01A8BA-11DA-43EC-BB76-80A35C7AB19B}"
EndProject
Project("{FAE04EC0-301F-11D3-BF4B-00C04F79EFBC}") = "05. top integers", "05. top integers\05. top integers.csproj", "{16D293FA-1147-403D-8C35-6B62E33E2220}"
EndProject
Project("{FAE04EC0-301F-11D3-BF4B-00C04F79EFBC}") = "06. equal sums", "06. equal sums\06. equal sums.csproj", "{F319A0D5-2B25-4040-B53E-B279EC97C0CC}"
EndProject
Project("{FAE04EC0-301F-11D3-BF4B-00C04F79EFBC}") = "07. max sequence", "07. max sequence\07. max sequence.csproj", "{077039A4-8156-4728-804A-AA29545969D4}"
EndProject
Project("{FAE04EC0-301F-11D3-BF4B-00C04F79EFBC}") = "08.magic sum", "08.magic sum\08.magic sum.csproj", "{CFCFB043-F26B-4E23-BA67-CC0AB30106D5}"
EndProject
Global
	GlobalSection(SolutionConfigurationPlatforms) = preSolution
		Debug|Any CPU = Debug|Any CPU
		Release|Any CPU = Release|Any CPU
	EndGlobalSection
	GlobalSection(ProjectConfigurationPlatforms) = postSolution
		{54ACBD5E-BCD9-4EB9-AD17-DA5C9251B82F}.Debug|Any CPU.ActiveCfg = Debug|Any CPU
		{54ACBD5E-BCD9-4EB9-AD17-DA5C9251B82F}.Debug|Any CPU.Build.0 = Debug|Any CPU
		{54ACBD5E-BCD9-4EB9-AD17-DA5C9251B82F}.Release|Any CPU.ActiveCfg = Release|Any CPU
		{54ACBD5E-BCD9-4EB9-AD17-DA5C9251B82F}.Release|Any CPU.Build.0 = Release|Any CPU
		{3B987AA9-DD43-48AC-9E9A-76A997AED82F}.Debug|Any CPU.ActiveCfg = Debug|Any CPU
		{3B987AA9-DD43-48AC-9E9A-76A997AED82F}.Debug|Any CPU.Build.0 = Debug|Any CPU
		{3B987AA9-DD43-48AC-9E9A-76A997AED82F}.Release|Any CPU.ActiveCfg = Release|Any CPU
		{3B987AA9-DD43-48AC-9E9A-76A997AED82F}.Release|Any CPU.Build.0 = Release|Any CPU
		{0231CF5A-CA4A-49D6-819C-31E1325C6858}.Debug|Any CPU.ActiveCfg = Debug|Any CPU
		{0231CF5A-CA4A-49D6-819C-31E1325C6858}.Debug|Any CPU.Build.0 = Debug|Any CPU
		{0231CF5A-CA4A-49D6-819C-31E1325C6858}.Release|Any CPU.ActiveCfg = Release|Any CPU
		{0231CF5A-CA4A-49D6-819C-31E1325C6858}.Release|Any CPU.Build.0 = Release|Any CPU
		{FD01A8BA-11DA-43EC-BB76-80A35C7AB19B}.Debug|Any CPU.ActiveCfg = Debug|Any CPU
		{FD01A8BA-11DA-43EC-BB76-80A35C7AB19B}.Debug|Any CPU.Build.0 = Debug|Any CPU
		{FD01A8BA-11DA-43EC-BB76-80A35C7AB19B}.Release|Any CPU.ActiveCfg = Release|Any CPU
		{FD01A8BA-11DA-43EC-BB76-80A35C7AB19B}.Release|Any CPU.Build.0 = Release|Any CPU
		{16D293FA-1147-403D-8C35-6B62E33E2220}.Debug|Any CPU.ActiveCfg = Debug|Any CPU
		{16D293FA-1147-403D-8C35-6B62E33E2220}.Debug|Any CPU.Build.0 = Debug|Any CPU
		{16D293FA-1147-403D-8C35-6B62E33E2220}.Release|Any CPU.ActiveCfg = Release|Any CPU
		{16D293FA-1147-403D-8C35-6B62E33E2220}.Release|Any CPU.Build.0 = Release|Any CPU
		{F319A0D5-2B25-4040-B53E-B279EC97C0CC}.Debug|Any CPU.ActiveCfg = Debug|Any CPU
		{F319A0D5-2B25-4040-B53E-B279EC97C0CC}.Debug|Any CPU.Build.0 = Debug|Any CPU
		{F319A0D5-2B25-4040-B53E-B279EC97C0CC}.Release|Any CPU.ActiveCfg = Release|Any CPU
		{F319A0D5-2B25-4040-B53E-B279EC97C0CC}.Release|Any CPU.Build.0 = Release|Any CPU
		{077039A4-8156-4728-804A-AA29545969D4}.Debug|Any CPU.ActiveCfg = Debug|Any CPU
		{077039A4-8156-4728-804A-AA29545969D4}.Debug|Any CPU.Build.0 = Debug|Any CPU
		{077039A4-8156-4728-804A-AA29545969D4}.Release|Any CPU.ActiveCfg = Release|Any CPU
		{077039A4-8156-4728-804A-AA29545969D4}.Release|Any CPU.Build.0 = Release|Any CPU
		{CFCFB043-F26B-4E23-BA67-CC0AB30106D5}.Debug|Any CPU.ActiveCfg = Debug|Any CPU
		{CFCFB043-F26B-4E23-BA67-CC0AB30106D5}.Debug|Any CPU.Build.0 = Debug|Any CPU
		{CFCFB043-F26B-4E23-BA67-CC0AB30106D5}.Release|Any CPU.ActiveCfg = Release|Any CPU
		{CFCFB043-F26B-4E23-BA67-CC0AB30106D5}.Release|Any CPU.Build.0 = Release|Any CPU
	EndGlobalSection
	GlobalSection(SolutionProperties) = preSolution
		HideSolutionNode = FALSE
	EndGlobalSection
	GlobalSection(ExtensibilityGlobals) = postSolution
		SolutionGuid = {80A950D4-07EA-4F6C-8F80-A7EBDA845E51}
	EndGlobalSection
EndGlobal
