
Microsoft Visual Studio Solution File, Format Version 12.00
# Visual Studio Version 16
VisualStudioVersion = 16.0.30114.105
MinimumVisualStudioVersion = 10.0.40219.1
Project("{FAE04EC0-301F-11D3-BF4B-00C04F79EFBC}") = "01.integer operations", "Fund data var exe\01.integer operations.csproj", "{1AEEF7ED-C0BD-4957-B139-4572ED2E0000}"
EndProject
Project("{FAE04EC0-301F-11D3-BF4B-00C04F79EFBC}") = "02. sum digits", "02. sum digits\02. sum digits.csproj", "{0D76D7ED-5406-43E6-99CC-8A38ABE85749}"
EndProject
Project("{FAE04EC0-301F-11D3-BF4B-00C04F79EFBC}") = "03. elevator", "03. elevator\03. elevator.csproj", "{2469FE64-D13E-4AED-8AF8-E8D4767FF715}"
EndProject
Project("{FAE04EC0-301F-11D3-BF4B-00C04F79EFBC}") = "04. sum of chars", "04. sum of chars\04. sum of chars.csproj", "{13828F59-C3CB-4D46-B483-740773B97DA8}"
EndProject
Project("{FAE04EC0-301F-11D3-BF4B-00C04F79EFBC}") = "05. ascii table", "05. ascii table\05. ascii table.csproj", "{599FB617-6AED-41B0-B4EC-53C3B5199C0B}"
EndProject
Project("{FAE04EC0-301F-11D3-BF4B-00C04F79EFBC}") = "06. triple of latin letters", "06. triple of latin letters\06. triple of latin letters.csproj", "{25297925-D1C0-4C1C-A029-B67417817C4C}"
EndProject
Project("{FAE04EC0-301F-11D3-BF4B-00C04F79EFBC}") = "07. water overflow", "07. water overflow\07. water overflow.csproj", "{EC53D8DC-C07D-4620-9851-3BCC62DF24F2}"
EndProject
Project("{FAE04EC0-301F-11D3-BF4B-00C04F79EFBC}") = "08. beer kegs", "08. beer kegs\08. beer kegs.csproj", "{BDD95B2E-A824-4390-A86D-A9DDFDC8B2E6}"
EndProject
Project("{FAE04EC0-301F-11D3-BF4B-00C04F79EFBC}") = "09. spice must flow", "09. spice must flow\09. spice must flow.csproj", "{CA72614D-5781-4A96-92DC-A008B0D24C98}"
EndProject
Project("{FAE04EC0-301F-11D3-BF4B-00C04F79EFBC}") = "10. pokemon", "10. pokemon\10. pokemon.csproj", "{E2D3E54D-249A-4DAC-BAA8-160FDD332B7A}"
EndProject
Project("{FAE04EC0-301F-11D3-BF4B-00C04F79EFBC}") = "11. snowballs", "11. snowballs\11. snowballs.csproj", "{C3ACFB02-0372-4E8A-9E6D-2C90C58994D7}"
EndProject
Global
	GlobalSection(SolutionConfigurationPlatforms) = preSolution
		Debug|Any CPU = Debug|Any CPU
		Release|Any CPU = Release|Any CPU
	EndGlobalSection
	GlobalSection(ProjectConfigurationPlatforms) = postSolution
		{1AEEF7ED-C0BD-4957-B139-4572ED2E0000}.Debug|Any CPU.ActiveCfg = Debug|Any CPU
		{1AEEF7ED-C0BD-4957-B139-4572ED2E0000}.Debug|Any CPU.Build.0 = Debug|Any CPU
		{1AEEF7ED-C0BD-4957-B139-4572ED2E0000}.Release|Any CPU.ActiveCfg = Release|Any CPU
		{1AEEF7ED-C0BD-4957-B139-4572ED2E0000}.Release|Any CPU.Build.0 = Release|Any CPU
		{0D76D7ED-5406-43E6-99CC-8A38ABE85749}.Debug|Any CPU.ActiveCfg = Debug|Any CPU
		{0D76D7ED-5406-43E6-99CC-8A38ABE85749}.Debug|Any CPU.Build.0 = Debug|Any CPU
		{0D76D7ED-5406-43E6-99CC-8A38ABE85749}.Release|Any CPU.ActiveCfg = Release|Any CPU
		{0D76D7ED-5406-43E6-99CC-8A38ABE85749}.Release|Any CPU.Build.0 = Release|Any CPU
		{2469FE64-D13E-4AED-8AF8-E8D4767FF715}.Debug|Any CPU.ActiveCfg = Debug|Any CPU
		{2469FE64-D13E-4AED-8AF8-E8D4767FF715}.Debug|Any CPU.Build.0 = Debug|Any CPU
		{2469FE64-D13E-4AED-8AF8-E8D4767FF715}.Release|Any CPU.ActiveCfg = Release|Any CPU
		{2469FE64-D13E-4AED-8AF8-E8D4767FF715}.Release|Any CPU.Build.0 = Release|Any CPU
		{13828F59-C3CB-4D46-B483-740773B97DA8}.Debug|Any CPU.ActiveCfg = Debug|Any CPU
		{13828F59-C3CB-4D46-B483-740773B97DA8}.Debug|Any CPU.Build.0 = Debug|Any CPU
		{13828F59-C3CB-4D46-B483-740773B97DA8}.Release|Any CPU.ActiveCfg = Release|Any CPU
		{13828F59-C3CB-4D46-B483-740773B97DA8}.Release|Any CPU.Build.0 = Release|Any CPU
		{599FB617-6AED-41B0-B4EC-53C3B5199C0B}.Debug|Any CPU.ActiveCfg = Debug|Any CPU
		{599FB617-6AED-41B0-B4EC-53C3B5199C0B}.Debug|Any CPU.Build.0 = Debug|Any CPU
		{599FB617-6AED-41B0-B4EC-53C3B5199C0B}.Release|Any CPU.ActiveCfg = Release|Any CPU
		{599FB617-6AED-41B0-B4EC-53C3B5199C0B}.Release|Any CPU.Build.0 = Release|Any CPU
		{25297925-D1C0-4C1C-A029-B67417817C4C}.Debug|Any CPU.ActiveCfg = Debug|Any CPU
		{25297925-D1C0-4C1C-A029-B67417817C4C}.Debug|Any CPU.Build.0 = Debug|Any CPU
		{25297925-D1C0-4C1C-A029-B67417817C4C}.Release|Any CPU.ActiveCfg = Release|Any CPU
		{25297925-D1C0-4C1C-A029-B67417817C4C}.Release|Any CPU.Build.0 = Release|Any CPU
		{EC53D8DC-C07D-4620-9851-3BCC62DF24F2}.Debug|Any CPU.ActiveCfg = Debug|Any CPU
		{EC53D8DC-C07D-4620-9851-3BCC62DF24F2}.Debug|Any CPU.Build.0 = Debug|Any CPU
		{EC53D8DC-C07D-4620-9851-3BCC62DF24F2}.Release|Any CPU.ActiveCfg = Release|Any CPU
		{EC53D8DC-C07D-4620-9851-3BCC62DF24F2}.Release|Any CPU.Build.0 = Release|Any CPU
		{BDD95B2E-A824-4390-A86D-A9DDFDC8B2E6}.Debug|Any CPU.ActiveCfg = Debug|Any CPU
		{BDD95B2E-A824-4390-A86D-A9DDFDC8B2E6}.Debug|Any CPU.Build.0 = Debug|Any CPU
		{BDD95B2E-A824-4390-A86D-A9DDFDC8B2E6}.Release|Any CPU.ActiveCfg = Release|Any CPU
		{BDD95B2E-A824-4390-A86D-A9DDFDC8B2E6}.Release|Any CPU.Build.0 = Release|Any CPU
		{CA72614D-5781-4A96-92DC-A008B0D24C98}.Debug|Any CPU.ActiveCfg = Debug|Any CPU
		{CA72614D-5781-4A96-92DC-A008B0D24C98}.Debug|Any CPU.Build.0 = Debug|Any CPU
		{CA72614D-5781-4A96-92DC-A008B0D24C98}.Release|Any CPU.ActiveCfg = Release|Any CPU
		{CA72614D-5781-4A96-92DC-A008B0D24C98}.Release|Any CPU.Build.0 = Release|Any CPU
		{E2D3E54D-249A-4DAC-BAA8-160FDD332B7A}.Debug|Any CPU.ActiveCfg = Debug|Any CPU
		{E2D3E54D-249A-4DAC-BAA8-160FDD332B7A}.Debug|Any CPU.Build.0 = Debug|Any CPU
		{E2D3E54D-249A-4DAC-BAA8-160FDD332B7A}.Release|Any CPU.ActiveCfg = Release|Any CPU
		{E2D3E54D-249A-4DAC-BAA8-160FDD332B7A}.Release|Any CPU.Build.0 = Release|Any CPU
		{C3ACFB02-0372-4E8A-9E6D-2C90C58994D7}.Debug|Any CPU.ActiveCfg = Debug|Any CPU
		{C3ACFB02-0372-4E8A-9E6D-2C90C58994D7}.Debug|Any CPU.Build.0 = Debug|Any CPU
		{C3ACFB02-0372-4E8A-9E6D-2C90C58994D7}.Release|Any CPU.ActiveCfg = Release|Any CPU
		{C3ACFB02-0372-4E8A-9E6D-2C90C58994D7}.Release|Any CPU.Build.0 = Release|Any CPU
	EndGlobalSection
	GlobalSection(SolutionProperties) = preSolution
		HideSolutionNode = FALSE
	EndGlobalSection
	GlobalSection(ExtensibilityGlobals) = postSolution
		SolutionGuid = {BF192C8A-8346-49AC-9FB4-389F5BEE5BE3}
	EndGlobalSection
EndGlobal
